
Microsoft Visual Studio Solution File, Format Version 12.00
# Visual Studio Version 17
VisualStudioVersion = 17.14.36511.14
MinimumVisualStudioVersion = 10.0.40219.1
Project("{FAE04EC0-301F-11D3-BF4B-00C04F79EFBC}") = "AlisRestaurant", "AlisRestaurant\AlisRestaurant.csproj", "{3EB39863-8C21-4055-BA52-5497482C05CD}"
EndProject
Global
	GlobalSection(SolutionConfigurationPlatforms) = preSolution
		Debug|Any CPU = Debug|Any CPU
		Release|Any CPU = Release|Any CPU
	EndGlobalSection
	GlobalSection(ProjectConfigurationPlatforms) = postSolution
		{3EB39863-8C21-4055-BA52-5497482C05CD}.Debug|Any CPU.ActiveCfg = Debug|Any CPU
		{3EB39863-8C21-4055-BA52-5497482C05CD}.Debug|Any CPU.Build.0 = Debug|Any CPU
		{3EB39863-8C21-4055-BA52-5497482C05CD}.Release|Any CPU.ActiveCfg = Release|Any CPU
		{3EB39863-8C21-4055-BA52-5497482C05CD}.Release|Any CPU.Build.0 = Release|Any CPU
	EndGlobalSection
	GlobalSection(SolutionProperties) = preSolution
		HideSolutionNode = FALSE
	EndGlobalSection
	GlobalSection(ExtensibilityGlobals) = postSolution
		SolutionGuid = {7FB8DA2F-4759-4E5E-8A18-7D5DBBE53D8B}
	EndGlobalSection
EndGlobal
