
Microsoft Visual Studio Solution File, Format Version 12.00
# Visual Studio Version 17
VisualStudioVersion = 17.14.36511.14 d17.14
MinimumVisualStudioVersion = 10.0.40219.1
Project("{FAE04EC0-301F-11D3-BF4B-00C04F79EFBC}") = "OrmPorjectEF", "OrmPorjectEF\OrmPorjectEF.csproj", "{DED5C7B5-308E-4FB1-B826-224CA138185A}"
EndProject
Global
	GlobalSection(SolutionConfigurationPlatforms) = preSolution
		Debug|Any CPU = Debug|Any CPU
		Release|Any CPU = Release|Any CPU
	EndGlobalSection
	GlobalSection(ProjectConfigurationPlatforms) = postSolution
		{DED5C7B5-308E-4FB1-B826-224CA138185A}.Debug|Any CPU.ActiveCfg = Debug|Any CPU
		{DED5C7B5-308E-4FB1-B826-224CA138185A}.Debug|Any CPU.Build.0 = Debug|Any CPU
		{DED5C7B5-308E-4FB1-B826-224CA138185A}.Release|Any CPU.ActiveCfg = Release|Any CPU
		{DED5C7B5-308E-4FB1-B826-224CA138185A}.Release|Any CPU.Build.0 = Release|Any CPU
	EndGlobalSection
	GlobalSection(SolutionProperties) = preSolution
		HideSolutionNode = FALSE
	EndGlobalSection
	GlobalSection(ExtensibilityGlobals) = postSolution
		SolutionGuid = {3FCC6D2F-BACF-436C-B0EE-E91DF5EE25F0}
	EndGlobalSection
EndGlobal
