
Microsoft Visual Studio Solution File, Format Version 12.00
# Visual Studio Version 17
VisualStudioVersion = 17.14.36511.14 d17.14
MinimumVisualStudioVersion = 10.0.40219.1
Project("{FAE04EC0-301F-11D3-BF4B-00C04F79EFBC}") = "MyFirstERPProject", "MyFirstERPProject\MyFirstERPProject.csproj", "{38752719-AB0C-4247-A19D-2A67E3F5A62A}"
EndProject
Global
	GlobalSection(SolutionConfigurationPlatforms) = preSolution
		Debug|Any CPU = Debug|Any CPU
		Release|Any CPU = Release|Any CPU
	EndGlobalSection
	GlobalSection(ProjectConfigurationPlatforms) = postSolution
		{38752719-AB0C-4247-A19D-2A67E3F5A62A}.Debug|Any CPU.ActiveCfg = Debug|Any CPU
		{38752719-AB0C-4247-A19D-2A67E3F5A62A}.Debug|Any CPU.Build.0 = Debug|Any CPU
		{38752719-AB0C-4247-A19D-2A67E3F5A62A}.Release|Any CPU.ActiveCfg = Release|Any CPU
		{38752719-AB0C-4247-A19D-2A67E3F5A62A}.Release|Any CPU.Build.0 = Release|Any CPU
	EndGlobalSection
	GlobalSection(SolutionProperties) = preSolution
		HideSolutionNode = FALSE
	EndGlobalSection
	GlobalSection(ExtensibilityGlobals) = postSolution
		SolutionGuid = {48B644BE-401B-49DD-AE36-3052D1771916}
	EndGlobalSection
EndGlobal
