
Microsoft Visual Studio Solution File, Format Version 12.00
# Visual Studio Version 17
VisualStudioVersion = 17.14.36511.14 d17.14
MinimumVisualStudioVersion = 10.0.40219.1
Project("{FAE04EC0-301F-11D3-BF4B-00C04F79EFBC}") = "ConsoleApp5", "ConsoleApp5\ConsoleApp5.csproj", "{7AC064C5-C689-4DF9-ABB6-F6B1706DB3FA}"
EndProject
Global
	GlobalSection(SolutionConfigurationPlatforms) = preSolution
		Debug|Any CPU = Debug|Any CPU
		Release|Any CPU = Release|Any CPU
	EndGlobalSection
	GlobalSection(ProjectConfigurationPlatforms) = postSolution
		{7AC064C5-C689-4DF9-ABB6-F6B1706DB3FA}.Debug|Any CPU.ActiveCfg = Debug|Any CPU
		{7AC064C5-C689-4DF9-ABB6-F6B1706DB3FA}.Debug|Any CPU.Build.0 = Debug|Any CPU
		{7AC064C5-C689-4DF9-ABB6-F6B1706DB3FA}.Release|Any CPU.ActiveCfg = Release|Any CPU
		{7AC064C5-C689-4DF9-ABB6-F6B1706DB3FA}.Release|Any CPU.Build.0 = Release|Any CPU
	EndGlobalSection
	GlobalSection(SolutionProperties) = preSolution
		HideSolutionNode = FALSE
	EndGlobalSection
	GlobalSection(ExtensibilityGlobals) = postSolution
		SolutionGuid = {D8F31A37-00ED-40AD-8B79-5FA228133671}
	EndGlobalSection
EndGlobal
