
Microsoft Visual Studio Solution File, Format Version 12.00
# Visual Studio Version 17
VisualStudioVersion = 17.14.36511.14 d17.14
MinimumVisualStudioVersion = 10.0.40219.1
Project("{FAE04EC0-301F-11D3-BF4B-00C04F79EFBC}") = "Porjects", "Porjects\Porjects.csproj", "{6DE895D7-C004-44FE-9BA1-4155B7513444}"
EndProject
Global
	GlobalSection(SolutionConfigurationPlatforms) = preSolution
		Debug|Any CPU = Debug|Any CPU
		Release|Any CPU = Release|Any CPU
	EndGlobalSection
	GlobalSection(ProjectConfigurationPlatforms) = postSolution
		{6DE895D7-C004-44FE-9BA1-4155B7513444}.Debug|Any CPU.ActiveCfg = Debug|Any CPU
		{6DE895D7-C004-44FE-9BA1-4155B7513444}.Debug|Any CPU.Build.0 = Debug|Any CPU
		{6DE895D7-C004-44FE-9BA1-4155B7513444}.Release|Any CPU.ActiveCfg = Release|Any CPU
		{6DE895D7-C004-44FE-9BA1-4155B7513444}.Release|Any CPU.Build.0 = Release|Any CPU
	EndGlobalSection
	GlobalSection(SolutionProperties) = preSolution
		HideSolutionNode = FALSE
	EndGlobalSection
	GlobalSection(ExtensibilityGlobals) = postSolution
		SolutionGuid = {D2B632E4-B30B-4F6D-94CE-90BC9C0E2B09}
	EndGlobalSection
EndGlobal
